
Microsoft Visual Studio Solution File, Format Version 12.00
# Visual Studio Version 17
VisualStudioVersion = 17.5.33530.505
MinimumVisualStudioVersion = 10.0.40219.1
Project("{9A19103F-16F7-4668-BE54-9A1E7A4F7556}") = "StringLibrary", "StringLibrary\StringLibrary.csproj", "{8DE57FD1-D698-4436-A375-19DC828A311D}"
EndProject
Project("{FAE04EC0-301F-11D3-BF4B-00C04F79EFBC}") = "ShowCase", "ShowCase\ShowCase.csproj", "{C9F628E4-7813-4509-84C5-C3F479914EA2}"
EndProject
Global
	GlobalSection(SolutionConfigurationPlatforms) = preSolution
		Debug|Any CPU = Debug|Any CPU
		Release|Any CPU = Release|Any CPU
	EndGlobalSection
	GlobalSection(ProjectConfigurationPlatforms) = postSolution
		{8DE57FD1-D698-4436-A375-19DC828A311D}.Debug|Any CPU.ActiveCfg = Debug|Any CPU
		{8DE57FD1-D698-4436-A375-19DC828A311D}.Debug|Any CPU.Build.0 = Debug|Any CPU
		{8DE57FD1-D698-4436-A375-19DC828A311D}.Release|Any CPU.ActiveCfg = Release|Any CPU
		{8DE57FD1-D698-4436-A375-19DC828A311D}.Release|Any CPU.Build.0 = Release|Any CPU
		{C9F628E4-7813-4509-84C5-C3F479914EA2}.Debug|Any CPU.ActiveCfg = Debug|Any CPU
		{C9F628E4-7813-4509-84C5-C3F479914EA2}.Debug|Any CPU.Build.0 = Debug|Any CPU
		{C9F628E4-7813-4509-84C5-C3F479914EA2}.Release|Any CPU.ActiveCfg = Release|Any CPU
		{C9F628E4-7813-4509-84C5-C3F479914EA2}.Release|Any CPU.Build.0 = Release|Any CPU
	EndGlobalSection
	GlobalSection(SolutionProperties) = preSolution
		HideSolutionNode = FALSE
	EndGlobalSection
	GlobalSection(ExtensibilityGlobals) = postSolution
		SolutionGuid = {1A7D500D-C249-4D0C-8063-381D755FC680}
	EndGlobalSection
EndGlobal
